version = 1
revision = 3
requires-python = ">=3.12"

[[package]]
name = "asgiref"
version = "3.8.1"
source = { registry = "https://pypi.org/simple" }
sdist = { url = "https://files.pythonhosted.org/packages/29/38/b3395cc9ad1b56d2ddac9970bc8f4141312dbaec28bc7c218b0dfafd0f42/asgiref-3.8.1.tar.gz", hash = "sha256:c343bd80a0bec947a9860adb4c432ffa7db769836c64238fc34bdc3fec84d590", size = 35186, upload-time = "2024-03-22T14:39:36.863Z" }
wheels = [
    { url = "https://files.pythonhosted.org/packages/39/e3/893e8757be2612e6c266d9bb58ad2e3651524b5b40cf56761e985a28b13e/asgiref-3.8.1-py3-none-any.whl", hash = "sha256:3e1e3ecc849832fe52ccf2cb6686b7a55f82bb1d6aee72a58826471390335e47", size = 23828, upload-time = "2024-03-22T14:39:34.521Z" },
]

[[package]]
name = "certifi"
version = "2025.4.26"
source = { registry = "https://pypi.org/simple" }
sdist = { url = "https://files.pythonhosted.org/packages/e8/9e/c05b3920a3b7d20d3d3310465f50348e5b3694f4f88c6daf736eef3024c4/certifi-2025.4.26.tar.gz", hash = "sha256:0a816057ea3cdefcef70270d2c515e4506bbc954f417fa5ade2021213bb8f0c6", size = 160705, upload-time = "2025-04-26T02:12:29.51Z" }
wheels = [
    { url = "https://files.pythonhosted.org/packages/4a/7e/3db2bd1b1f9e95f7cddca6d6e75e2f2bd9f51b1246e546d88addca0106bd/certifi-2025.4.26-py3-none-any.whl", hash = "sha256:30350364dfe371162649852c63336a15c70c6510c2ad5015b21c2345311805f3", size = 159618, upload-time = "2025-04-26T02:12:27.662Z" },
]

[[package]]
name = "django"
version = "5.1.14"
source = { registry = "https://pypi.org/simple" }
dependencies = [
    { name = "asgiref" },
    { name = "sqlparse" },
    { name = "tzdata", marker = "sys_platform == 'win32'" },
]
sdist = { url = "https://files.pythonhosted.org/packages/6e/f9/284077f0e61f633e5279518a9ac5924ade4bef12bc841174ca48c57f2438/django-5.1.14.tar.gz", hash = "sha256:b98409fb31fdd6e8c3a6ba2eef3415cc5c0020057b43b21ba7af6eff5f014831", size = 10720998, upload-time = "2025-11-05T14:07:56.294Z" }
wheels = [
    { url = "https://files.pythonhosted.org/packages/e3/67/8839eb1d70b5688b7375dce24ccf216e6ab25ee9e6361f22973520d13cd4/django-5.1.14-py3-none-any.whl", hash = "sha256:2a4b9c20404fd1bf50aaaa5542a19d860594cba1354f688f642feb271b91df27", size = 8260068, upload-time = "2025-11-05T14:07:53.26Z" },
]

[[package]]
name = "django-debug-toolbar"
version = "6.1.0"
source = { registry = "https://pypi.org/simple" }
dependencies = [
    { name = "django" },
    { name = "sqlparse" },
]
sdist = { url = "https://files.pythonhosted.org/packages/c0/50/acae2dd379164f6f4c6b6b36fd48a4d21b02095a03f4df7c30a8d1f1a62c/django_debug_toolbar-6.1.0.tar.gz", hash = "sha256:e962ec350c9be8bdba918138e975a9cdb193f60ec396af2bb71b769e8e165519", size = 309141, upload-time = "2025-10-30T19:50:39.458Z" }
wheels = [
    { url = "https://files.pythonhosted.org/packages/6d/72/685c978af45ad08257e2c69687a873eda6b6531c79b6e6091794c41c5ff6/django_debug_toolbar-6.1.0-py3-none-any.whl", hash = "sha256:e214dea4494087e7cebdcea84223819c5eb97f9de3110a3665ad673f0ba98413", size = 269069, upload-time = "2025-10-30T19:50:37.71Z" },
]

[[package]]
name = "django-smoketest"
version = "1.2.1"
source = { registry = "https://pypi.org/simple" }
dependencies = [
    { name = "django" },
]
sdist = { url = "https://files.pythonhosted.org/packages/28/44/bc26e5932b1de0f2563495e3e8a31da4a5485780bd8db005b7936fbbe854/django-smoketest-1.2.1.tar.gz", hash = "sha256:708f75c9855af737b3fe5403cb83107cf3d0d3511bb7f816cb8753ce63f0a87b", size = 12905, upload-time = "2023-08-10T13:15:14.837Z" }
wheels = [
    { url = "https://files.pythonhosted.org/packages/a4/46/ed23d6912d211e6bc6b9c76bbb41198027d659fade8570668513f044509b/django_smoketest-1.2.1-py2.py3-none-any.whl", hash = "sha256:6fc0b6603dd69ce20f341b0498ca25c39251a0380d0cf1f115eeba834a2330fe", size = 14042, upload-time = "2023-08-10T13:15:12.004Z" },
]

[[package]]
name = "django-stubs"
version = "5.0.4"
source = { registry = "https://pypi.org/simple" }
dependencies = [
    { name = "asgiref" },
    { name = "django" },
    { name = "django-stubs-ext" },
    { name = "types-pyyaml" },
    { name = "typing-extensions" },
]
sdist = { url = "https://files.pythonhosted.org/packages/36/f4/2dfc77809e4d04164ec614755e2359ec2e68a32f7b5428909fa0b7f8f4e0/django_stubs-5.0.4.tar.gz", hash = "sha256:78e3764488fdfd2695f12502136548ec22f8d4b1780541a835042b8238d11514", size = 262238, upload-time = "2024-07-28T18:10:22.041Z" }
wheels = [
    { url = "https://files.pythonhosted.org/packages/ec/f0/36c0f82ed7b4ef630b39e165590645c4fe4361f52d41bca5001327d62f57/django_stubs-5.0.4-py3-none-any.whl", hash = "sha256:c2502f5ecbae50c68f9a86d52b5b2447d8648fd205036dad0ccb41e19a445927", size = 466530, upload-time = "2024-07-28T18:10:19.978Z" },
]

[package.optional-dependencies]
compatible-mypy = [
    { name = "mypy" },
]

[[package]]
name = "django-stubs-ext"
version = "5.2.0"
source = { registry = "https://pypi.org/simple" }
dependencies = [
    { name = "django" },
    { name = "typing-extensions" },
]
sdist = { url = "https://files.pythonhosted.org/packages/7c/7a/84338605817960942c1ea9d852685923ccccd0d91ba0d49532605973491f/django_stubs_ext-5.2.0.tar.gz", hash = "sha256:00c4ae307b538f5643af761a914c3f8e4e3f25f4e7c6d7098f1906c0d8f2aac9", size = 9618, upload-time = "2025-04-26T10:48:38.05Z" }
wheels = [
    { url = "https://files.pythonhosted.org/packages/e2/65/9f5ca467d84a67c0c547f10b0ece9fd9c26c5efc818a01bf6a3d306c2a0c/django_stubs_ext-5.2.0-py3-none-any.whl", hash = "sha256:b27ae0aab970af4894ba4e9b3fcd3e03421dc8731516669659ee56122d148b23", size = 9066, upload-time = "2025-04-26T10:48:36.032Z" },
]

[[package]]
name = "factory-boy"
version = "3.3.3"
source = { registry = "https://pypi.org/simple" }
dependencies = [
    { name = "faker" },
]
sdist = { url = "https://files.pythonhosted.org/packages/ba/98/75cacae9945f67cfe323829fc2ac451f64517a8a330b572a06a323997065/factory_boy-3.3.3.tar.gz", hash = "sha256:866862d226128dfac7f2b4160287e899daf54f2612778327dd03d0e2cb1e3d03", size = 164146, upload-time = "2025-02-03T09:49:04.433Z" }
wheels = [
    { url = "https://files.pythonhosted.org/packages/27/8d/2bc5f5546ff2ccb3f7de06742853483ab75bf74f36a92254702f8baecc79/factory_boy-3.3.3-py2.py3-none-any.whl", hash = "sha256:1c39e3289f7e667c4285433f305f8d506efc2fe9c73aaea4151ebd5cdea394fc", size = 37036, upload-time = "2025-02-03T09:49:01.659Z" },
]

[[package]]
name = "faker"
version = "37.3.0"
source = { registry = "https://pypi.org/simple" }
dependencies = [
    { name = "tzdata" },
]
sdist = { url = "https://files.pythonhosted.org/packages/97/4b/5354912eaff922876323f2d07e21408b10867f3295d5f917748341cb6f53/faker-37.3.0.tar.gz", hash = "sha256:77b79e7a2228d57175133af0bbcdd26dc623df81db390ee52f5104d46c010f2f", size = 1901376, upload-time = "2025-05-14T15:24:18.039Z" }
wheels = [
    { url = "https://files.pythonhosted.org/packages/ce/99/045b2dae19a01b9fbb23b9971bc04f4ef808e7f3a213d08c81067304a210/faker-37.3.0-py3-none-any.whl", hash = "sha256:48c94daa16a432f2d2bc803c7ff602509699fca228d13e97e379cd860a7e216e", size = 1942203, upload-time = "2025-05-14T15:24:16.159Z" },
]

[[package]]
name = "gunicorn"
version = "23.0.0"
source = { registry = "https://pypi.org/simple" }
dependencies = [
    { name = "packaging" },
]
sdist = { url = "https://files.pythonhosted.org/packages/34/72/9614c465dc206155d93eff0ca20d42e1e35afc533971379482de953521a4/gunicorn-23.0.0.tar.gz", hash = "sha256:f014447a0101dc57e294f6c18ca6b40227a4c90e9bdb586042628030cba004ec", size = 375031, upload-time = "2024-08-10T20:25:27.378Z" }
wheels = [
    { url = "https://files.pythonhosted.org/packages/cb/7d/6dac2a6e1eba33ee43f318edbed4ff29151a49b5d37f080aad1e6469bca4/gunicorn-23.0.0-py3-none-any.whl", hash = "sha256:ec400d38950de4dfd418cff8328b2c8faed0edb0d517d3394e457c317908ca4d", size = 85029, upload-time = "2024-08-10T20:25:24.996Z" },
]

[[package]]
name = "mypy"
version = "1.11.1"
source = { registry = "https://pypi.org/simple" }
dependencies = [
    { name = "mypy-extensions" },
    { name = "typing-extensions" },
]
sdist = { url = "https://files.pythonhosted.org/packages/b6/9c/a4b3bda53823439cf395db8ecdda6229a83f9bf201714a68a15190bb2919/mypy-1.11.1.tar.gz", hash = "sha256:f404a0b069709f18bbdb702eb3dcfe51910602995de00bd39cea3050b5772d08", size = 3078369, upload-time = "2024-07-30T22:38:50.835Z" }
wheels = [
    { url = "https://files.pythonhosted.org/packages/3a/34/69638cee2e87303f19a0c35e80d42757e14d9aba328f272fdcdc0bf3c9b8/mypy-1.11.1-cp312-cp312-macosx_10_9_x86_64.whl", hash = "sha256:f39918a50f74dc5969807dcfaecafa804fa7f90c9d60506835036cc1bc891dc8", size = 10995789, upload-time = "2024-07-30T22:37:57.824Z" },
    { url = "https://files.pythonhosted.org/packages/c4/3c/3e0611348fc53a4a7c80485959478b4f6eae706baf3b7c03cafa22639216/mypy-1.11.1-cp312-cp312-macosx_11_0_arm64.whl", hash = "sha256:0bc71d1fb27a428139dd78621953effe0d208aed9857cb08d002280b0422003a", size = 10002696, upload-time = "2024-07-30T22:38:08.325Z" },
    { url = "https://files.pythonhosted.org/packages/1c/21/a6b46c91b4c9d1918ee59c305f46850cde7cbea748635a352e7c3c8ed204/mypy-1.11.1-cp312-cp312-manylinux_2_17_x86_64.manylinux2014_x86_64.manylinux_2_28_x86_64.whl", hash = "sha256:b868d3bcff720dd7217c383474008ddabaf048fad8d78ed948bb4b624870a417", size = 12505772, upload-time = "2024-07-30T22:37:23.589Z" },
    { url = "https://files.pythonhosted.org/packages/c4/55/07904d4c8f408e70308015edcbff067eaa77514475938a9dd81b063de2a8/mypy-1.11.1-cp312-cp312-musllinux_1_1_x86_64.whl", hash = "sha256:a707ec1527ffcdd1c784d0924bf5cb15cd7f22683b919668a04d2b9c34549d2e", size = 12954190, upload-time = "2024-07-30T22:37:31.244Z" },
    { url = "https://files.pythonhosted.org/packages/1e/b7/3a50f318979c8c541428c2f1ee973cda813bcc89614de982dafdd0df2b3e/mypy-1.11.1-cp312-cp312-win_amd64.whl", hash = "sha256:64f4a90e3ea07f590c5bcf9029035cf0efeae5ba8be511a8caada1a4893f5525", size = 9663138, upload-time = "2024-07-30T22:37:19.849Z" },
    { url = "https://files.pythonhosted.org/packages/f8/d4/4960d0df55f30a7625d9c3c9414dfd42f779caabae137ef73ffaed0c97b9/mypy-1.11.1-py3-none-any.whl", hash = "sha256:0624bdb940255d2dd24e829d99a13cfeb72e4e9031f9492148f410ed30bcab54", size = 2619257, upload-time = "2024-07-30T22:37:40.567Z" },
]

[[package]]
name = "mypy-extensions"
version = "1.1.0"
source = { registry = "https://pypi.org/simple" }
sdist = { url = "https://files.pythonhosted.org/packages/a2/6e/371856a3fb9d31ca8dac321cda606860fa4548858c0cc45d9d1d4ca2628b/mypy_extensions-1.1.0.tar.gz", hash = "sha256:52e68efc3284861e772bbcd66823fde5ae21fd2fdb51c62a211403730b916558", size = 6343, upload-time = "2025-04-22T14:54:24.164Z" }
wheels = [
    { url = "https://files.pythonhosted.org/packages/79/7b/2c79738432f5c924bef5071f933bcc9efd0473bac3b4aa584a6f7c1c8df8/mypy_extensions-1.1.0-py3-none-any.whl", hash = "sha256:1be4cccdb0f2482337c4743e60421de3a356cd97508abadd57d47403e94f5505", size = 4963, upload-time = "2025-04-22T14:54:22.983Z" },
]

[[package]]
name = "packaging"
version = "25.0"
source = { registry = "https://pypi.org/simple" }
sdist = { url = "https://files.pythonhosted.org/packages/a1/d4/1fc4078c65507b51b96ca8f8c3ba19e6a61c8253c72794544580a7b6c24d/packaging-25.0.tar.gz", hash = "sha256:d443872c98d677bf60f6a1f2f8c1cb748e8fe762d2bf9d3148b5599295b0fc4f", size = 165727, upload-time = "2025-04-19T11:48:59.673Z" }
wheels = [
    { url = "https://files.pythonhosted.org/packages/20/12/38679034af332785aac8774540895e234f4d07f7545804097de4b666afd8/packaging-25.0-py3-none-any.whl", hash = "sha256:29572ef2b1f17581046b3a2227d5c611fb25ec70ca1ba8554b24b0e69331a484", size = 66469, upload-time = "2025-04-19T11:48:57.875Z" },
]

[[package]]
name = "psycopg"
version = "3.2.13"
source = { registry = "https://pypi.org/simple" }
dependencies = [
    { name = "typing-extensions", marker = "python_full_version < '3.13'" },
    { name = "tzdata", marker = "sys_platform == 'win32'" },
]
sdist = { url = "https://files.pythonhosted.org/packages/44/05/d4a05988f15fcf90e0088c735b1f2fc04a30b7fc65461d6ec278f5f2f17a/psycopg-3.2.13.tar.gz", hash = "sha256:309adaeda61d44556046ec9a83a93f42bbe5310120b1995f3af49ab6d9f13c1d", size = 160626, upload-time = "2025-11-21T22:34:32.328Z" }
wheels = [
    { url = "https://files.pythonhosted.org/packages/a9/14/f2724bd1986158a348316e86fdd0837a838b14a711df3f00e47fba597447/psycopg-3.2.13-py3-none-any.whl", hash = "sha256:a481374514f2da627157f767a9336705ebefe93ea7a0522a6cbacba165da179a", size = 206797, upload-time = "2025-11-21T22:29:39.733Z" },
]

[[package]]
name = "ruff"
version = "0.14.7"
source = { registry = "https://pypi.org/simple" }
sdist = { url = "https://files.pythonhosted.org/packages/b7/5b/dd7406afa6c95e3d8fa9d652b6d6dd17dd4a6bf63cb477014e8ccd3dcd46/ruff-0.14.7.tar.gz", hash = "sha256:3417deb75d23bd14a722b57b0a1435561db65f0ad97435b4cf9f85ffcef34ae5", size = 5727324, upload-time = "2025-11-28T20:55:10.525Z" }
wheels = [
    { url = "https://files.pythonhosted.org/packages/8c/b1/7ea5647aaf90106f6d102230e5df874613da43d1089864da1553b899ba5e/ruff-0.14.7-py3-none-linux_armv6l.whl", hash = "sha256:b9d5cb5a176c7236892ad7224bc1e63902e4842c460a0b5210701b13e3de4fca", size = 13414475, upload-time = "2025-11-28T20:54:54.569Z" },
    { url = "https://files.pythonhosted.org/packages/af/19/fddb4cd532299db9cdaf0efdc20f5c573ce9952a11cb532d3b859d6d9871/ruff-0.14.7-py3-none-macosx_10_12_x86_64.whl", hash = "sha256:3f64fe375aefaf36ca7d7250292141e39b4cea8250427482ae779a2aa5d90015", size = 13634613, upload-time = "2025-11-28T20:55:17.54Z" },
    { url = "https://files.pythonhosted.org/packages/40/2b/469a66e821d4f3de0440676ed3e04b8e2a1dc7575cf6fa3ba6d55e3c8557/ruff-0.14.7-py3-none-macosx_11_0_arm64.whl", hash = "sha256:93e83bd3a9e1a3bda64cb771c0d47cda0e0d148165013ae2d3554d718632d554", size = 12765458, upload-time = "2025-11-28T20:55:26.128Z" },
    { url = "https://files.pythonhosted.org/packages/f1/05/0b001f734fe550bcfde4ce845948ac620ff908ab7241a39a1b39bb3c5f49/ruff-0.14.7-py3-none-manylinux_2_17_aarch64.manylinux2014_aarch64.whl", hash = "sha256:3838948e3facc59a6070795de2ae16e5786861850f78d5914a03f12659e88f94", size = 13236412, upload-time = "2025-11-28T20:55:28.602Z" },
    { url = "https://files.pythonhosted.org/packages/11/36/8ed15d243f011b4e5da75cd56d6131c6766f55334d14ba31cce5461f28aa/ruff-0.14.7-py3-none-manylinux_2_17_armv7l.manylinux2014_armv7l.whl", hash = "sha256:24c8487194d38b6d71cd0fd17a5b6715cda29f59baca1defe1e3a03240f851d1", size = 13182949, upload-time = "2025-11-28T20:55:33.265Z" },
    { url = "https://files.pythonhosted.org/packages/3b/cf/fcb0b5a195455729834f2a6eadfe2e4519d8ca08c74f6d2b564a4f18f553/ruff-0.14.7-py3-none-manylinux_2_17_i686.manylinux2014_i686.whl", hash = "sha256:79c73db6833f058a4be8ffe4a0913b6d4ad41f6324745179bd2aa09275b01d0b", size = 13816470, upload-time = "2025-11-28T20:55:08.203Z" },
    { url = "https://files.pythonhosted.org/packages/7f/5d/34a4748577ff7a5ed2f2471456740f02e86d1568a18c9faccfc73bd9ca3f/ruff-0.14.7-py3-none-manylinux_2_17_ppc64.manylinux2014_ppc64.whl", hash = "sha256:12eb7014fccff10fc62d15c79d8a6be4d0c2d60fe3f8e4d169a0d2def75f5dad", size = 15289621, upload-time = "2025-11-28T20:55:30.837Z" },
    { url = "https://files.pythonhosted.org/packages/53/53/0a9385f047a858ba133d96f3f8e3c9c66a31cc7c4b445368ef88ebeac209/ruff-0.14.7-py3-none-manylinux_2_17_ppc64le.manylinux2014_ppc64le.whl", hash = "sha256:6c623bbdc902de7ff715a93fa3bb377a4e42dd696937bf95669118773dbf0c50", size = 14975817, upload-time = "2025-11-28T20:55:24.107Z" },
    { url = "https://files.pythonhosted.org/packages/a8/d7/2f1c32af54c3b46e7fadbf8006d8b9bcfbea535c316b0bd8813d6fb25e5d/ruff-0.14.7-py3-none-manylinux_2_17_s390x.manylinux2014_s390x.whl", hash = "sha256:f53accc02ed2d200fa621593cdb3c1ae06aa9b2c3cae70bc96f72f0000ae97a9", size = 14284549, upload-time = "2025-11-28T20:55:06.08Z" },
    { url = "https://files.pythonhosted.org/packages/92/05/434ddd86becd64629c25fb6b4ce7637dd52a45cc4a4415a3008fe61c27b9/ruff-0.14.7-py3-none-manylinux_2_17_x86_64.manylinux2014_x86_64.whl", hash = "sha256:281f0e61a23fcdcffca210591f0f53aafaa15f9025b5b3f9706879aaa8683bc4", size = 14071389, upload-time = "2025-11-28T20:55:35.617Z" },
    { url = "https://files.pythonhosted.org/packages/ff/50/fdf89d4d80f7f9d4f420d26089a79b3bb1538fe44586b148451bc2ba8d9c/ruff-0.14.7-py3-none-manylinux_2_31_riscv64.whl", hash = "sha256:dbbaa5e14148965b91cb090236931182ee522a5fac9bc5575bafc5c07b9f9682", size = 14202679, upload-time = "2025-11-28T20:55:01.472Z" },
    { url = "https://files.pythonhosted.org/packages/77/54/87b34988984555425ce967f08a36df0ebd339bb5d9d0e92a47e41151eafc/ruff-0.14.7-py3-none-musllinux_1_2_aarch64.whl", hash = "sha256:1464b6e54880c0fe2f2d6eaefb6db15373331414eddf89d6b903767ae2458143", size = 13147677, upload-time = "2025-11-28T20:55:19.933Z" },
    { url = "https://files.pythonhosted.org/packages/67/29/f55e4d44edfe053918a16a3299e758e1c18eef216b7a7092550d7a9ec51c/ruff-0.14.7-py3-none-musllinux_1_2_armv7l.whl", hash = "sha256:f217ed871e4621ea6128460df57b19ce0580606c23aeab50f5de425d05226784", size = 13151392, upload-time = "2025-11-28T20:55:21.967Z" },
    { url = "https://files.pythonhosted.org/packages/36/69/47aae6dbd4f1d9b4f7085f4d9dcc84e04561ee7ad067bf52e0f9b02e3209/ruff-0.14.7-py3-none-musllinux_1_2_i686.whl", hash = "sha256:6be02e849440ed3602d2eb478ff7ff07d53e3758f7948a2a598829660988619e", size = 13412230, upload-time = "2025-11-28T20:55:12.749Z" },
    { url = "https://files.pythonhosted.org/packages/b7/4b/6e96cb6ba297f2ba502a231cd732ed7c3de98b1a896671b932a5eefa3804/ruff-0.14.7-py3-none-musllinux_1_2_x86_64.whl", hash = "sha256:19a0f116ee5e2b468dfe80c41c84e2bbd6b74f7b719bee86c2ecde0a34563bcc", size = 14195397, upload-time = "2025-11-28T20:54:56.896Z" },
    { url = "https://files.pythonhosted.org/packages/69/82/251d5f1aa4dcad30aed491b4657cecd9fb4274214da6960ffec144c260f7/ruff-0.14.7-py3-none-win32.whl", hash = "sha256:e33052c9199b347c8937937163b9b149ef6ab2e4bb37b042e593da2e6f6cccfa", size = 13126751, upload-time = "2025-11-28T20:55:03.47Z" },
    { url = "https://files.pythonhosted.org/packages/a8/b5/d0b7d145963136b564806f6584647af45ab98946660d399ec4da79cae036/ruff-0.14.7-py3-none-win_amd64.whl", hash = "sha256:e17a20ad0d3fad47a326d773a042b924d3ac31c6ca6deb6c72e9e6b5f661a7c6", size = 14531726, upload-time = "2025-11-28T20:54:59.121Z" },
    { url = "https://files.pythonhosted.org/packages/1d/d2/1637f4360ada6a368d3265bf39f2cf737a0aaab15ab520fc005903e883f8/ruff-0.14.7-py3-none-win_arm64.whl", hash = "sha256:be4d653d3bea1b19742fcc6502354e32f65cd61ff2fbdb365803ef2c2aec6228", size = 13609215, upload-time = "2025-11-28T20:55:15.375Z" },
]

[[package]]
name = "sebastian"
version = "0.1.0"
source = { virtual = "." }
dependencies = [
    { name = "django" },
    { name = "django-debug-toolbar" },
    { name = "django-smoketest" },
    { name = "factory-boy" },
    { name = "gunicorn" },
    { name = "psycopg" },
    { name = "sentry-sdk" },
    { name = "whitenoise" },
]

[package.dev-dependencies]
dev = [
    { name = "django-stubs", extra = ["compatible-mypy"] },
    { name = "mypy" },
    { name = "mypy-extensions" },
    { name = "ruff" },
    { name = "typing-extensions" },
]

[package.metadata]
requires-dist = [
    { name = "django", specifier = "==5.1.14" },
    { name = "django-debug-toolbar", specifier = "==6.1.0" },
    { name = "django-smoketest", specifier = "==1.2.1" },
    { name = "factory-boy", specifier = "==3.3.3" },
    { name = "gunicorn", specifier = "==23.0.0" },
    { name = "psycopg", specifier = "==3.2.13" },
    { name = "sentry-sdk", specifier = "==2.46.0" },
    { name = "whitenoise", specifier = "==6.11.0" },
]

[package.metadata.requires-dev]
dev = [
    { name = "django-stubs", extras = ["compatible-mypy"], specifier = "==5.0.4" },
    { name = "mypy", specifier = "==1.11.1" },
    { name = "mypy-extensions", specifier = "==1.1.0" },
    { name = "ruff", specifier = "==0.14.7" },
    { name = "typing-extensions", specifier = "==4.15.0" },
]

[[package]]
name = "sentry-sdk"
version = "2.46.0"
source = { registry = "https://pypi.org/simple" }
dependencies = [
    { name = "certifi" },
    { name = "urllib3" },
]
sdist = { url = "https://files.pythonhosted.org/packages/7c/d7/c140a5837649e2bf2ec758494fde1d9a016c76777eab64e75ef38d685bbb/sentry_sdk-2.46.0.tar.gz", hash = "sha256:91821a23460725734b7741523021601593f35731808afc0bb2ba46c27b8acd91", size = 374761, upload-time = "2025-11-24T09:34:13.932Z" }
wheels = [
    { url = "https://files.pythonhosted.org/packages/4b/b6/ce7c502a366f4835b1f9c057753f6989a92d3c70cbadb168193f5fb7499b/sentry_sdk-2.46.0-py2.py3-none-any.whl", hash = "sha256:4eeeb60198074dff8d066ea153fa6f241fef1668c10900ea53a4200abc8da9b1", size = 406266, upload-time = "2025-11-24T09:34:12.114Z" },
]

[[package]]
name = "sqlparse"
version = "0.5.3"
source = { registry = "https://pypi.org/simple" }
sdist = { url = "https://files.pythonhosted.org/packages/e5/40/edede8dd6977b0d3da179a342c198ed100dd2aba4be081861ee5911e4da4/sqlparse-0.5.3.tar.gz", hash = "sha256:09f67787f56a0b16ecdbde1bfc7f5d9c3371ca683cfeaa8e6ff60b4807ec9272", size = 84999, upload-time = "2024-12-10T12:05:30.728Z" }
wheels = [
    { url = "https://files.pythonhosted.org/packages/a9/5c/bfd6bd0bf979426d405cc6e71eceb8701b148b16c21d2dc3c261efc61c7b/sqlparse-0.5.3-py3-none-any.whl", hash = "sha256:cf2196ed3418f3ba5de6af7e82c694a9fbdbfecccdfc72e281548517081f16ca", size = 44415, upload-time = "2024-12-10T12:05:27.824Z" },
]

[[package]]
name = "types-pyyaml"
version = "6.0.12.20250516"
source = { registry = "https://pypi.org/simple" }
sdist = { url = "https://files.pythonhosted.org/packages/4e/22/59e2aeb48ceeee1f7cd4537db9568df80d62bdb44a7f9e743502ea8aab9c/types_pyyaml-6.0.12.20250516.tar.gz", hash = "sha256:9f21a70216fc0fa1b216a8176db5f9e0af6eb35d2f2932acb87689d03a5bf6ba", size = 17378, upload-time = "2025-05-16T03:08:04.897Z" }
wheels = [
    { url = "https://files.pythonhosted.org/packages/99/5f/e0af6f7f6a260d9af67e1db4f54d732abad514252a7a378a6c4d17dd1036/types_pyyaml-6.0.12.20250516-py3-none-any.whl", hash = "sha256:8478208feaeb53a34cb5d970c56a7cd76b72659442e733e268a94dc72b2d0530", size = 20312, upload-time = "2025-05-16T03:08:04.019Z" },
]

[[package]]
name = "typing-extensions"
version = "4.15.0"
source = { registry = "https://pypi.org/simple" }
sdist = { url = "https://files.pythonhosted.org/packages/72/94/1a15dd82efb362ac84269196e94cf00f187f7ed21c242792a923cdb1c61f/typing_extensions-4.15.0.tar.gz", hash = "sha256:0cea48d173cc12fa28ecabc3b837ea3cf6f38c6d1136f85cbaaf598984861466", size = 109391, upload-time = "2025-08-25T13:49:26.313Z" }
wheels = [
    { url = "https://files.pythonhosted.org/packages/18/67/36e9267722cc04a6b9f15c7f3441c2363321a3ea07da7ae0c0707beb2a9c/typing_extensions-4.15.0-py3-none-any.whl", hash = "sha256:f0fa19c6845758ab08074a0cfa8b7aecb71c999ca73d62883bc25cc018c4e548", size = 44614, upload-time = "2025-08-25T13:49:24.86Z" },
]

[[package]]
name = "tzdata"
version = "2025.2"
source = { registry = "https://pypi.org/simple" }
sdist = { url = "https://files.pythonhosted.org/packages/95/32/1a225d6164441be760d75c2c42e2780dc0873fe382da3e98a2e1e48361e5/tzdata-2025.2.tar.gz", hash = "sha256:b60a638fcc0daffadf82fe0f57e53d06bdec2f36c4df66280ae79bce6bd6f2b9", size = 196380, upload-time = "2025-03-23T13:54:43.652Z" }
wheels = [
    { url = "https://files.pythonhosted.org/packages/5c/23/c7abc0ca0a1526a0774eca151daeb8de62ec457e77262b66b359c3c7679e/tzdata-2025.2-py2.py3-none-any.whl", hash = "sha256:1a403fada01ff9221ca8044d701868fa132215d84beb92242d9acd2147f667a8", size = 347839, upload-time = "2025-03-23T13:54:41.845Z" },
]

[[package]]
name = "urllib3"
version = "2.4.0"
source = { registry = "https://pypi.org/simple" }
sdist = { url = "https://files.pythonhosted.org/packages/8a/78/16493d9c386d8e60e442a35feac5e00f0913c0f4b7c217c11e8ec2ff53e0/urllib3-2.4.0.tar.gz", hash = "sha256:414bc6535b787febd7567804cc015fee39daab8ad86268f1310a9250697de466", size = 390672, upload-time = "2025-04-10T15:23:39.232Z" }
wheels = [
    { url = "https://files.pythonhosted.org/packages/6b/11/cc635220681e93a0183390e26485430ca2c7b5f9d33b15c74c2861cb8091/urllib3-2.4.0-py3-none-any.whl", hash = "sha256:4e16665048960a0900c702d4a66415956a584919c03361cac9f1df5c5dd7e813", size = 128680, upload-time = "2025-04-10T15:23:37.377Z" },
]

[[package]]
name = "whitenoise"
version = "6.11.0"
source = { registry = "https://pypi.org/simple" }
sdist = { url = "https://files.pythonhosted.org/packages/15/95/8c81ec6b6ebcbf8aca2de7603070ccf37dbb873b03f20708e0f7c1664bc6/whitenoise-6.11.0.tar.gz", hash = "sha256:0f5bfce6061ae6611cd9396a8231e088722e4fc67bc13a111be74c738d99375f", size = 26432, upload-time = "2025-09-18T09:16:10.995Z" }
wheels = [
    { url = "https://files.pythonhosted.org/packages/6c/e9/4366332f9295fe0647d7d3251ce18f5615fbcb12d02c79a26f8dba9221b3/whitenoise-6.11.0-py3-none-any.whl", hash = "sha256:b2aeb45950597236f53b5342b3121c5de69c8da0109362aee506ce88e022d258", size = 20197, upload-time = "2025-09-18T09:16:09.754Z" },
]
