version = 1
revision = 3
requires-python = ">=3.13"

[[package]]
name = "asgiref"
version = "3.11.0"
source = { registry = "https://pypi.org/simple" }
sdist = { url = "https://files.pythonhosted.org/packages/76/b9/4db2509eabd14b4a8c71d1b24c8d5734c52b8560a7b1e1a8b56c8d25568b/asgiref-3.11.0.tar.gz", hash = "sha256:13acff32519542a1736223fb79a715acdebe24286d98e8b164a73085f40da2c4", size = 37969, upload-time = "2025-11-19T15:32:20.106Z" }
wheels = [
    { url = "https://files.pythonhosted.org/packages/91/be/317c2c55b8bbec407257d45f5c8d1b6867abc76d12043f2d3d58c538a4ea/asgiref-3.11.0-py3-none-any.whl", hash = "sha256:1db9021efadb0d9512ce8ffaf72fcef601c7b73a8807a1bb2ef143dc6b14846d", size = 24096, upload-time = "2025-11-19T15:32:19.004Z" },
]

[[package]]
name = "certifi"
version = "2025.4.26"
source = { registry = "https://pypi.org/simple" }
sdist = { url = "https://files.pythonhosted.org/packages/e8/9e/c05b3920a3b7d20d3d3310465f50348e5b3694f4f88c6daf736eef3024c4/certifi-2025.4.26.tar.gz", hash = "sha256:0a816057ea3cdefcef70270d2c515e4506bbc954f417fa5ade2021213bb8f0c6", size = 160705, upload-time = "2025-04-26T02:12:29.51Z" }
wheels = [
    { url = "https://files.pythonhosted.org/packages/4a/7e/3db2bd1b1f9e95f7cddca6d6e75e2f2bd9f51b1246e546d88addca0106bd/certifi-2025.4.26-py3-none-any.whl", hash = "sha256:30350364dfe371162649852c63336a15c70c6510c2ad5015b21c2345311805f3", size = 159618, upload-time = "2025-04-26T02:12:27.662Z" },
]

[[package]]
name = "django"
version = "6.0.7"
source = { registry = "https://pypi.org/simple" }
dependencies = [
    { name = "asgiref" },
    { name = "sqlparse" },
    { name = "tzdata", marker = "sys_platform == 'win32'" },
]
sdist = { url = "https://files.pythonhosted.org/packages/89/55/664f24ff81c9ea19cb7dfc851afeae1f3c2390c7aee01d4ded68b5c1580d/django-6.0.7.tar.gz", hash = "sha256:2998503fc083124fb58037084bfa00de323c7c743f05f1b4284e77bff0ab8890", size = 10921299, upload-time = "2026-07-07T13:51:26.485Z" }
wheels = [
    { url = "https://files.pythonhosted.org/packages/ba/ec/1ce5334b6a2c52ce619c23a0be8d366a57a0e080ebb2d88266e5c849157c/django-6.0.7-py3-none-any.whl", hash = "sha256:a037427c2288443a8c02a1b02295a31c239663aa682bc50b1976afb7cf6a769e", size = 8373344, upload-time = "2026-07-07T13:51:20.007Z" },
]

[[package]]
name = "django-debug-toolbar"
version = "7.0.0"
source = { registry = "https://pypi.org/simple" }
dependencies = [
    { name = "django" },
    { name = "sqlparse" },
]
sdist = { url = "https://files.pythonhosted.org/packages/1e/ac/3ac674f99c64bfbcd9ae3d7f5f3577f23ea52884e5ac36842e1f024dce03/django_debug_toolbar-7.0.0.tar.gz", hash = "sha256:ef7494c5b459c149e87cc2da88d86e944064945e86bd7b2d879093586b5fefbf", size = 359560, upload-time = "2026-06-19T00:21:23.346Z" }
wheels = [
    { url = "https://files.pythonhosted.org/packages/4b/ab/684a56624f9ed35127e203e52d2c241f3b7b70d37cfa8cb2ba4fc8e1e8d7/django_debug_toolbar-7.0.0-py3-none-any.whl", hash = "sha256:656161388ce48384276342eeb16d532113ec670816fa1546cc3753730aa51b3d", size = 302038, upload-time = "2026-06-19T00:21:21.531Z" },
]

[[package]]
name = "django-smoketest"
version = "1.2.1"
source = { registry = "https://pypi.org/simple" }
dependencies = [
    { name = "django" },
]
sdist = { url = "https://files.pythonhosted.org/packages/28/44/bc26e5932b1de0f2563495e3e8a31da4a5485780bd8db005b7936fbbe854/django-smoketest-1.2.1.tar.gz", hash = "sha256:708f75c9855af737b3fe5403cb83107cf3d0d3511bb7f816cb8753ce63f0a87b", size = 12905, upload-time = "2023-08-10T13:15:14.837Z" }
wheels = [
    { url = "https://files.pythonhosted.org/packages/a4/46/ed23d6912d211e6bc6b9c76bbb41198027d659fade8570668513f044509b/django_smoketest-1.2.1-py2.py3-none-any.whl", hash = "sha256:6fc0b6603dd69ce20f341b0498ca25c39251a0380d0cf1f115eeba834a2330fe", size = 14042, upload-time = "2023-08-10T13:15:12.004Z" },
]

[[package]]
name = "django-stubs"
version = "5.0.4"
source = { registry = "https://pypi.org/simple" }
dependencies = [
    { name = "asgiref" },
    { name = "django" },
    { name = "django-stubs-ext" },
    { name = "types-pyyaml" },
    { name = "typing-extensions" },
]
sdist = { url = "https://files.pythonhosted.org/packages/36/f4/2dfc77809e4d04164ec614755e2359ec2e68a32f7b5428909fa0b7f8f4e0/django_stubs-5.0.4.tar.gz", hash = "sha256:78e3764488fdfd2695f12502136548ec22f8d4b1780541a835042b8238d11514", size = 262238, upload-time = "2024-07-28T18:10:22.041Z" }
wheels = [
    { url = "https://files.pythonhosted.org/packages/ec/f0/36c0f82ed7b4ef630b39e165590645c4fe4361f52d41bca5001327d62f57/django_stubs-5.0.4-py3-none-any.whl", hash = "sha256:c2502f5ecbae50c68f9a86d52b5b2447d8648fd205036dad0ccb41e19a445927", size = 466530, upload-time = "2024-07-28T18:10:19.978Z" },
]

[package.optional-dependencies]
compatible-mypy = [
    { name = "mypy" },
]

[[package]]
name = "django-stubs-ext"
version = "5.2.0"
source = { registry = "https://pypi.org/simple" }
dependencies = [
    { name = "django" },
    { name = "typing-extensions" },
]
sdist = { url = "https://files.pythonhosted.org/packages/7c/7a/84338605817960942c1ea9d852685923ccccd0d91ba0d49532605973491f/django_stubs_ext-5.2.0.tar.gz", hash = "sha256:00c4ae307b538f5643af761a914c3f8e4e3f25f4e7c6d7098f1906c0d8f2aac9", size = 9618, upload-time = "2025-04-26T10:48:38.05Z" }
wheels = [
    { url = "https://files.pythonhosted.org/packages/e2/65/9f5ca467d84a67c0c547f10b0ece9fd9c26c5efc818a01bf6a3d306c2a0c/django_stubs_ext-5.2.0-py3-none-any.whl", hash = "sha256:b27ae0aab970af4894ba4e9b3fcd3e03421dc8731516669659ee56122d148b23", size = 9066, upload-time = "2025-04-26T10:48:36.032Z" },
]

[[package]]
name = "factory-boy"
version = "3.3.3"
source = { registry = "https://pypi.org/simple" }
dependencies = [
    { name = "faker" },
]
sdist = { url = "https://files.pythonhosted.org/packages/ba/98/75cacae9945f67cfe323829fc2ac451f64517a8a330b572a06a323997065/factory_boy-3.3.3.tar.gz", hash = "sha256:866862d226128dfac7f2b4160287e899daf54f2612778327dd03d0e2cb1e3d03", size = 164146, upload-time = "2025-02-03T09:49:04.433Z" }
wheels = [
    { url = "https://files.pythonhosted.org/packages/27/8d/2bc5f5546ff2ccb3f7de06742853483ab75bf74f36a92254702f8baecc79/factory_boy-3.3.3-py2.py3-none-any.whl", hash = "sha256:1c39e3289f7e667c4285433f305f8d506efc2fe9c73aaea4151ebd5cdea394fc", size = 37036, upload-time = "2025-02-03T09:49:01.659Z" },
]

[[package]]
name = "faker"
version = "37.3.0"
source = { registry = "https://pypi.org/simple" }
dependencies = [
    { name = "tzdata" },
]
sdist = { url = "https://files.pythonhosted.org/packages/97/4b/5354912eaff922876323f2d07e21408b10867f3295d5f917748341cb6f53/faker-37.3.0.tar.gz", hash = "sha256:77b79e7a2228d57175133af0bbcdd26dc623df81db390ee52f5104d46c010f2f", size = 1901376, upload-time = "2025-05-14T15:24:18.039Z" }
wheels = [
    { url = "https://files.pythonhosted.org/packages/ce/99/045b2dae19a01b9fbb23b9971bc04f4ef808e7f3a213d08c81067304a210/faker-37.3.0-py3-none-any.whl", hash = "sha256:48c94daa16a432f2d2bc803c7ff602509699fca228d13e97e379cd860a7e216e", size = 1942203, upload-time = "2025-05-14T15:24:16.159Z" },
]

[[package]]
name = "gunicorn"
version = "26.0.0"
source = { registry = "https://pypi.org/simple" }
dependencies = [
    { name = "packaging" },
]
sdist = { url = "https://files.pythonhosted.org/packages/6d/b7/a4a3f632f823e432ce6bc65f62961b7980c898c77f075a2f7118cb3846fe/gunicorn-26.0.0.tar.gz", hash = "sha256:ca9346f85e3a4aeeb64d491045c16b9a35647abd37ea15efe53080eb8b090baf", size = 727286, upload-time = "2026-05-05T06:38:25.529Z" }
wheels = [
    { url = "https://files.pythonhosted.org/packages/e6/40/9c2384fc2be4ad25dd4a49decd5ad9ea5a3639814c11bd40ab77cb9f0a14/gunicorn-26.0.0-py3-none-any.whl", hash = "sha256:40233d26a5f0d1872916188c276e21641155111c2853f0c2cd55260aec0d24fc", size = 212009, upload-time = "2026-05-05T06:38:23.007Z" },
]

[[package]]
name = "hypothesis"
version = "6.163.0"
source = { registry = "https://pypi.org/simple" }
dependencies = [
    { name = "sortedcontainers" },
]
sdist = { url = "https://files.pythonhosted.org/packages/61/08/4cbfa0327e9df00f57fc67f91847add2f0dd6c23408935273b095ee9a9f1/hypothesis-6.163.0.tar.gz", hash = "sha256:520480d4bd3a17557616c25923640953e360332c89d012fffcebd69857e674a9", size = 490145, upload-time = "2026-07-28T07:16:46.026Z" }
wheels = [
    { url = "https://files.pythonhosted.org/packages/89/b1/3eea7a422de342bd0095a9672c3e03fe0466e4561a55499a1e01b4a9f098/hypothesis-6.163.0-cp310-abi3-macosx_10_12_x86_64.whl", hash = "sha256:331906cb029b6b360b8ebac3ec00c3cfa720037fe2efb294a503a1979c9a9a8f", size = 769898, upload-time = "2026-07-28T07:15:19.323Z" },
    { url = "https://files.pythonhosted.org/packages/bc/24/45b5c948c76c16ecf1e4ad1ca4a4a3fce55b3317ee172bc8230ff2956ae1/hypothesis-6.163.0-cp310-abi3-macosx_11_0_arm64.whl", hash = "sha256:b4ad2134405d5345434c22dea96bbc12c85abcfc3c253a8063dbc9ff01164555", size = 765438, upload-time = "2026-07-28T07:16:04.69Z" },
    { url = "https://files.pythonhosted.org/packages/0f/72/7725039a75b3679dc445a169026b11860a0e67a600c4ffed49a42040a000/hypothesis-6.163.0-cp310-abi3-manylinux_2_17_aarch64.manylinux2014_aarch64.whl", hash = "sha256:50073f8e63c1e7d3403899755657a990d8bba7b5b5bff66b1c56796d4969bb28", size = 1094699, upload-time = "2026-07-28T07:15:56.668Z" },
    { url = "https://files.pythonhosted.org/packages/dd/fa/bcfa3879f303a302ec6e5f4d35b583924867a0821b42fa275f440f3b8dab/hypothesis-6.163.0-cp310-abi3-manylinux_2_17_armv7l.manylinux2014_armv7l.whl", hash = "sha256:8c5d1e6bad47edf6fb1d7406cf6d67314ac08325c63a49550d782a4596ea302b", size = 1123315, upload-time = "2026-07-28T07:16:40.381Z" },
    { url = "https://files.pythonhosted.org/packages/5f/7f/e7fe2f0658db5182bb1d4b266d17f8f81cf3db82eeba27677ddfea13ac09/hypothesis-6.163.0-cp310-abi3-manylinux_2_17_x86_64.manylinux2014_x86_64.whl", hash = "sha256:c0ec3b709508ccd835d8ded1db025b7800618f2289a22a6bfd4927da5f4eb33c", size = 1144220, upload-time = "2026-07-28T07:15:20.617Z" },
    { url = "https://files.pythonhosted.org/packages/90/14/c26f93a4693bfd83d7ba14b7043d986458026f6635d1b157bc2f1c56a59e/hypothesis-6.163.0-cp310-abi3-manylinux_2_31_riscv64.whl", hash = "sha256:7cb3d927360fe73f9a06d646e6082237142ee39c24679c7133d22bf06dd03b45", size = 1099527, upload-time = "2026-07-28T07:16:17.955Z" },
    { url = "https://files.pythonhosted.org/packages/ea/f5/4c1dde28d2e18e169dd6c471ef4bcf12abf3c6a3f4a1744bdabdbdf411ba/hypothesis-6.163.0-cp310-abi3-manylinux_2_5_i686.manylinux1_i686.whl", hash = "sha256:3f3cceb4720a39127622fbf3bcebe1775b894372c53b5edddfdef10bbdeef9ec", size = 1136272, upload-time = "2026-07-28T07:16:38.182Z" },
    { url = "https://files.pythonhosted.org/packages/3a/5b/54153509ed42cc17e1b65efe34a0c781f42fb04c902dc5f25486c537ec88/hypothesis-6.163.0-cp310-abi3-musllinux_1_2_aarch64.whl", hash = "sha256:59f5fdb8addb44c17520a60d50542d9db6ceba577bbf54efefa9c10ee20be140", size = 1268518, upload-time = "2026-07-28T07:15:42.991Z" },
    { url = "https://files.pythonhosted.org/packages/81/86/f86f0d15d91b9cbff3546c1b8891950b2b08c0527e7494133fb2180e1b8b/hypothesis-6.163.0-cp310-abi3-musllinux_1_2_armv7l.whl", hash = "sha256:f1fe222f50a1898e87a1e7323ab35f9e956278efabe4dd55a1342808206d05ad", size = 1396357, upload-time = "2026-07-28T07:15:26.696Z" },
    { url = "https://files.pythonhosted.org/packages/46/3a/c096b6b272f15e17e8e65c6ccfb2e1d167456ff5bbd9db33dca3185199f6/hypothesis-6.163.0-cp310-abi3-musllinux_1_2_riscv64.whl", hash = "sha256:56ed585baab75cb98462c57ca88bbdc6a9d935a14118dd572fb476c3ecec2a06", size = 1269128, upload-time = "2026-07-28T07:16:11.902Z" },
    { url = "https://files.pythonhosted.org/packages/bb/9f/0807445874b3083a22c9a14a0ffc31bd0060ef3b408ce4cb31c20779cdf8/hypothesis-6.163.0-cp310-abi3-musllinux_1_2_x86_64.whl", hash = "sha256:2849c23b2e0fe2eef4c1ec336b01eac7ad7397c49fca43c264f59ec1e6046eac", size = 1311189, upload-time = "2026-07-28T07:16:08.545Z" },
    { url = "https://files.pythonhosted.org/packages/d6/de/3319aa8fcffd1641defc1c5eea1ad646a33d1b62528ef487a89752bc8079/hypothesis-6.163.0-cp310-abi3-win32.whl", hash = "sha256:b2ddcdaf6691101e06dc4a5add7b8c8fdf1e68daba599255a281f3f3550d3331", size = 655743, upload-time = "2026-07-28T07:16:30.966Z" },
    { url = "https://files.pythonhosted.org/packages/8e/48/36bc72910451e6e88b75e59a6ddbf0db34ff61a3b11c9439801dfd5fec20/hypothesis-6.163.0-cp310-abi3-win_amd64.whl", hash = "sha256:4ab0dadc09c537d4ac57e564039dfe7daf09c98375306d54bfc0fd6c218efcca", size = 661902, upload-time = "2026-07-28T07:16:34.407Z" },
    { url = "https://files.pythonhosted.org/packages/58/69/c474a3fa1c33d9a6e059e820221275d9c60eb10085f6164212c291856157/hypothesis-6.163.0-cp313-cp313-macosx_10_12_x86_64.whl", hash = "sha256:a16ebce774755a7a652bd44c62101dc914372ed1a98935969624848c9627b4a4", size = 771335, upload-time = "2026-07-28T07:15:14.988Z" },
    { url = "https://files.pythonhosted.org/packages/54/27/8951688de58314780ba0af5bf2675709009dcc1fb568d244f2a03c4de8e9/hypothesis-6.163.0-cp313-cp313-macosx_11_0_arm64.whl", hash = "sha256:40dfab6fe6a02a80abef81aebf88e53cd529e3f2f6ba3486b674a67b1f4a3512", size = 763020, upload-time = "2026-07-28T07:15:25.218Z" },
    { url = "https://files.pythonhosted.org/packages/8b/d7/9eb7451400507f4b5c972c81c2bc57d0009597ea37295519a9645963a50e/hypothesis-6.163.0-cp313-cp313-manylinux_2_17_aarch64.manylinux2014_aarch64.whl", hash = "sha256:f28ad27193c1fbcfb52ef2ee63d2b721563525089e80962b4268b306dac45507", size = 1093415, upload-time = "2026-07-28T07:16:27.408Z" },
    { url = "https://files.pythonhosted.org/packages/24/cc/c12c780676c7a4a4051d05e7b278a94bf1bb496ef31882881160f16866c9/hypothesis-6.163.0-cp313-cp313-manylinux_2_17_x86_64.manylinux2014_x86_64.whl", hash = "sha256:8aac96db8a6c7ee43aba2ee0d3c43893da1fb7c38ed54790c1be2b6d8fd87b96", size = 1143356, upload-time = "2026-07-28T07:16:01.571Z" },
    { url = "https://files.pythonhosted.org/packages/4b/c1/61c5ebdb77a3f259803e60a12f56de35f8b6d641a6219f798dcfa69dece3/hypothesis-6.163.0-cp313-cp313-musllinux_1_2_aarch64.whl", hash = "sha256:9d23f0f3a14bb6e6f99c793d340196dba4af95ba25bfcab624d1794f540f5e27", size = 1266375, upload-time = "2026-07-28T07:15:11.353Z" },
    { url = "https://files.pythonhosted.org/packages/a2/53/f3a89b4d21d89098d1dec749632aa0fece04f5d17a9e7e91c7f10596d55a/hypothesis-6.163.0-cp313-cp313-musllinux_1_2_x86_64.whl", hash = "sha256:b123b4995a7612f1130e2b2362c9a5d0568df887bf7e7bdb45c23af8cd5423c9", size = 1310257, upload-time = "2026-07-28T07:16:42.213Z" },
    { url = "https://files.pythonhosted.org/packages/06/e7/88e71c4cec0df68aa7a2fb251083c544f30697bd90fb4b1ed19de493ab81/hypothesis-6.163.0-cp313-cp313-win_amd64.whl", hash = "sha256:b268211e625cd550e361fc387bf1db5deb1e9cae0ce4041116f0a0aafeef7c06", size = 658983, upload-time = "2026-07-28T07:16:10.289Z" },
    { url = "https://files.pythonhosted.org/packages/71/df/e3b2f0419cebcc86bba96a357d7ef37790538ed6b09f3183ae01f1fc3d23/hypothesis-6.163.0-cp314-cp314-macosx_10_12_x86_64.whl", hash = "sha256:9105c66ea8dbc108adc42058bb7b65bd953f53ee178bf63bf9ebb0cded6c8c96", size = 771564, upload-time = "2026-07-28T07:15:28.017Z" },
    { url = "https://files.pythonhosted.org/packages/f1/f8/a6f75e61ecd983029f8463bf007498155c4ed33114e6931e7aa3fbaf651e/hypothesis-6.163.0-cp314-cp314-macosx_11_0_arm64.whl", hash = "sha256:e165f6cc2075059b7c95dac1612bfb25494f72d90f56880e84c288b089f8a896", size = 763164, upload-time = "2026-07-28T07:15:29.973Z" },
    { url = "https://files.pythonhosted.org/packages/5e/07/5193812567f6ca46c1f0cd02dabfd47c85d7c9e3287b8a870fc8150ee462/hypothesis-6.163.0-cp314-cp314-manylinux_2_17_aarch64.manylinux2014_aarch64.whl", hash = "sha256:0cba5202f74e7e4cdb676d86f26e8cc1b4fdc88f7f58ba73c8ac45b6b22f3070", size = 1093916, upload-time = "2026-07-28T07:16:25.626Z" },
    { url = "https://files.pythonhosted.org/packages/e4/0c/9d61f0e306499d734dc63ebe374b01c5f50be7072fd5e76eed25cc0b86ac/hypothesis-6.163.0-cp314-cp314-manylinux_2_17_x86_64.manylinux2014_x86_64.whl", hash = "sha256:f7f706df6839dcc53f20833f2933cbcd126fd2fdee7c312e053de49df4b64e44", size = 1143547, upload-time = "2026-07-28T07:15:07.311Z" },
    { url = "https://files.pythonhosted.org/packages/60/b4/2a9eb04c9847ddf7e6b30bba8bc27b7efe5511d368335b6a41657b3f02dd/hypothesis-6.163.0-cp314-cp314-musllinux_1_2_aarch64.whl", hash = "sha256:487ab8ec2f01a225d6a1e2ceadc5290cde2c691952bd2e7f76199cf82e06fb25", size = 1266755, upload-time = "2026-07-28T07:15:41.457Z" },
    { url = "https://files.pythonhosted.org/packages/d2/f3/8d1903fbfcbf48b90bb5590826821afc9b4fc494391ab1fdfab9df23e928/hypothesis-6.163.0-cp314-cp314-musllinux_1_2_x86_64.whl", hash = "sha256:6ae63dec6d1d467b7f4737455f81a7a82f14a41c14510937fcfbc726a085b5f8", size = 1310560, upload-time = "2026-07-28T07:15:58.419Z" },
    { url = "https://files.pythonhosted.org/packages/47/2b/1a8c0457b44775d0aad369f21cbae8026b772a71aa917d1b956b7349b2a4/hypothesis-6.163.0-cp314-cp314-pyemscripten_2026_0_wasm32.whl", hash = "sha256:31dc46c48aa53c3ec92d03120978ca7f19b9cf96d195ed3fc93503f1433c94a6", size = 603067, upload-time = "2026-07-28T07:16:06.697Z" },
    { url = "https://files.pythonhosted.org/packages/10/56/a9cd947064043035457dec0124ac2437ca72acf358b30cf203a229ad831b/hypothesis-6.163.0-cp314-cp314-win_amd64.whl", hash = "sha256:320b076bf6436f971f1c73ee651e60001226d1b4e341f2c4a1ca87248261ca03", size = 658931, upload-time = "2026-07-28T07:15:37.174Z" },
    { url = "https://files.pythonhosted.org/packages/77/37/2d16317fda0ecd915cb094be9a9e8911106e693ed03a4d680de314711854/hypothesis-6.163.0-cp314-cp314t-macosx_10_12_x86_64.whl", hash = "sha256:ab34c61d9249f1a8129cb4276062c04e3e47b5be8de6446e7c7fe11362d6fe43", size = 770142, upload-time = "2026-07-28T07:16:21.827Z" },
    { url = "https://files.pythonhosted.org/packages/3f/65/d80a9bfb7868f2c6c072a684993548391c56e0afa1972f79ee1fe168d91b/hypothesis-6.163.0-cp314-cp314t-macosx_11_0_arm64.whl", hash = "sha256:f2f1b67a48da86d3e41c9445367b49a49f7efdb60fc8b5e3593f05e6afb2efbe", size = 761694, upload-time = "2026-07-28T07:15:31.36Z" },
    { url = "https://files.pythonhosted.org/packages/a7/01/c1f2515c638d2637300bb2fd6af129319eae75cdf2ed7804644535f64fb2/hypothesis-6.163.0-cp314-cp314t-manylinux_2_17_aarch64.manylinux2014_aarch64.whl", hash = "sha256:9c084749c115ea7918cf7efa144682783da17eec70d1276689182b871126e715", size = 1092511, upload-time = "2026-07-28T07:15:51.503Z" },
    { url = "https://files.pythonhosted.org/packages/cd/f8/b3cd946308b5a09e52b075792610da310c0b7972bb1e8aa673400b86540c/hypothesis-6.163.0-cp314-cp314t-manylinux_2_17_x86_64.manylinux2014_x86_64.whl", hash = "sha256:21e72e8d5818e5ef8cd6a2191c386e3fd1a6d9e3739cf97289b4d9b5dbc8e38d", size = 1142425, upload-time = "2026-07-28T07:16:15.626Z" },
    { url = "https://files.pythonhosted.org/packages/85/96/b122859e6f7335b54aff759f573a813158d2249488450a75e76462ddaf61/hypothesis-6.163.0-cp314-cp314t-musllinux_1_2_aarch64.whl", hash = "sha256:5a3ac6c62d49f7fe518dfe7fa924fa03aac839993702207802b0e45f9e1b0dab", size = 1264946, upload-time = "2026-07-28T07:15:23.848Z" },
    { url = "https://files.pythonhosted.org/packages/ba/2e/e0226e8c904b8b4788eb52dacd303c91acbd260904abf64e8f9bad03c88a/hypothesis-6.163.0-cp314-cp314t-musllinux_1_2_x86_64.whl", hash = "sha256:e568a3d766b7ba8df00e0c33efc4c6530cde14fbc72daabe4824eed211ed7596", size = 1309320, upload-time = "2026-07-28T07:16:29.218Z" },
    { url = "https://files.pythonhosted.org/packages/8c/48/e8bd29fed17c9608524b6a39db4a27b6eec7ce85bda78bba3ee0deebd80e/hypothesis-6.163.0-cp314-cp314t-win_amd64.whl", hash = "sha256:b8f22fb8218ba6a452bf9000fc656e1ed57625d17cc8a3871a0fcea3b1b69ebf", size = 659064, upload-time = "2026-07-28T07:16:00.075Z" },
]

[[package]]
name = "mypy"
version = "1.11.1"
source = { registry = "https://pypi.org/simple" }
dependencies = [
    { name = "mypy-extensions" },
    { name = "typing-extensions" },
]
sdist = { url = "https://files.pythonhosted.org/packages/b6/9c/a4b3bda53823439cf395db8ecdda6229a83f9bf201714a68a15190bb2919/mypy-1.11.1.tar.gz", hash = "sha256:f404a0b069709f18bbdb702eb3dcfe51910602995de00bd39cea3050b5772d08", size = 3078369, upload-time = "2024-07-30T22:38:50.835Z" }
wheels = [
    { url = "https://files.pythonhosted.org/packages/f8/d4/4960d0df55f30a7625d9c3c9414dfd42f779caabae137ef73ffaed0c97b9/mypy-1.11.1-py3-none-any.whl", hash = "sha256:0624bdb940255d2dd24e829d99a13cfeb72e4e9031f9492148f410ed30bcab54", size = 2619257, upload-time = "2024-07-30T22:37:40.567Z" },
]

[[package]]
name = "mypy-extensions"
version = "1.1.0"
source = { registry = "https://pypi.org/simple" }
sdist = { url = "https://files.pythonhosted.org/packages/a2/6e/371856a3fb9d31ca8dac321cda606860fa4548858c0cc45d9d1d4ca2628b/mypy_extensions-1.1.0.tar.gz", hash = "sha256:52e68efc3284861e772bbcd66823fde5ae21fd2fdb51c62a211403730b916558", size = 6343, upload-time = "2025-04-22T14:54:24.164Z" }
wheels = [
    { url = "https://files.pythonhosted.org/packages/79/7b/2c79738432f5c924bef5071f933bcc9efd0473bac3b4aa584a6f7c1c8df8/mypy_extensions-1.1.0-py3-none-any.whl", hash = "sha256:1be4cccdb0f2482337c4743e60421de3a356cd97508abadd57d47403e94f5505", size = 4963, upload-time = "2025-04-22T14:54:22.983Z" },
]

[[package]]
name = "packaging"
version = "25.0"
source = { registry = "https://pypi.org/simple" }
sdist = { url = "https://files.pythonhosted.org/packages/a1/d4/1fc4078c65507b51b96ca8f8c3ba19e6a61c8253c72794544580a7b6c24d/packaging-25.0.tar.gz", hash = "sha256:d443872c98d677bf60f6a1f2f8c1cb748e8fe762d2bf9d3148b5599295b0fc4f", size = 165727, upload-time = "2025-04-19T11:48:59.673Z" }
wheels = [
    { url = "https://files.pythonhosted.org/packages/20/12/38679034af332785aac8774540895e234f4d07f7545804097de4b666afd8/packaging-25.0-py3-none-any.whl", hash = "sha256:29572ef2b1f17581046b3a2227d5c611fb25ec70ca1ba8554b24b0e69331a484", size = 66469, upload-time = "2025-04-19T11:48:57.875Z" },
]

[[package]]
name = "psycopg"
version = "3.3.4"
source = { registry = "https://pypi.org/simple" }
dependencies = [
    { name = "tzdata", marker = "sys_platform == 'win32'" },
]
sdist = { url = "https://files.pythonhosted.org/packages/db/2f/cb91e5502ec9de1de6f1b76cfbf69531932725361168bb06963620c77e2e/psycopg-3.3.4.tar.gz", hash = "sha256:e21207764952cff81b6b8bdacad9a3939f2793367fdac2987b3aac36a651b5bc", size = 165799, upload-time = "2026-05-01T23:31:55.179Z" }
wheels = [
    { url = "https://files.pythonhosted.org/packages/5c/e0/7b3dee031daae7743609ce3c746565d4a3ed7c2c186479eb48e34e838c64/psycopg-3.3.4-py3-none-any.whl", hash = "sha256:b6bbc25ccf05c8fad3b061d9db2ef0909a555171b84b07f29458a447253d679a", size = 213001, upload-time = "2026-05-01T23:20:50.816Z" },
]

[[package]]
name = "psycopg-binary"
version = "3.3.4"
source = { registry = "https://pypi.org/simple" }
wheels = [
    { url = "https://files.pythonhosted.org/packages/09/43/13e9c406fbbf354580476e248a16b64802a376873ebe6339e30bb655572d/psycopg_binary-3.3.4-cp313-cp313-macosx_10_13_x86_64.whl", hash = "sha256:fbd1d4ed566895ad2d3bf4ddfd8bae90026930ddf29df3b9d91d32c8c47866a7", size = 4590377, upload-time = "2026-05-01T23:29:18.782Z" },
    { url = "https://files.pythonhosted.org/packages/22/be/2923cd7c3683e7afdecf4f10796a18de02f5c5ddc0969aa2ad0a8cdd3bbd/psycopg_binary-3.3.4-cp313-cp313-macosx_11_0_arm64.whl", hash = "sha256:75a9067e236f9b9ae3535b66fe99bddb33d39c0de10112e49b9ab11eee53dc31", size = 4669023, upload-time = "2026-05-01T23:29:25.884Z" },
    { url = "https://files.pythonhosted.org/packages/96/a0/2c913d6fe13d6a8bd13597d36739bf47af063ad9399e402cfecab16f3c1e/psycopg_binary-3.3.4-cp313-cp313-manylinux2014_ppc64le.manylinux_2_17_ppc64le.whl", hash = "sha256:b56b603ebcea8aa10b46228b8410ba7f13e7c2ee54389d4d9be0927fd8ce2a70", size = 5467423, upload-time = "2026-05-01T23:29:33.416Z" },
    { url = "https://files.pythonhosted.org/packages/e7/38/205d10bc1ad0df4a21c5c51659126bd3ea0ef98fcad1e852f78c249bb9c3/psycopg_binary-3.3.4-cp313-cp313-manylinux2014_x86_64.manylinux_2_17_x86_64.whl", hash = "sha256:c677c4ad433cb7150c8cd304a0769ae3bcfbe5ea0676eb53faa7b1443b16d0d3", size = 5151137, upload-time = "2026-05-01T23:29:42.013Z" },
    { url = "https://files.pythonhosted.org/packages/36/fc/f0381ddcd45eff3bb70dbca6823a996048d7f507b2ec3fc92c6fabc0fe87/psycopg_binary-3.3.4-cp313-cp313-manylinux_2_27_aarch64.manylinux_2_28_aarch64.whl", hash = "sha256:26df2717e59c0473e4465a97dfb1b7afebaa479277870fd5784d1436470db47c", size = 6736671, upload-time = "2026-05-01T23:29:51.626Z" },
    { url = "https://files.pythonhosted.org/packages/95/40/fa545ae152c24327651e5624e4902121e808270be36c10b12e9939be09bc/psycopg_binary-3.3.4-cp313-cp313-manylinux_2_38_riscv64.manylinux_2_39_riscv64.whl", hash = "sha256:1dc1f79fd16bb1f3f4421417a514607539f17804d95c7ed617265369d1981cae", size = 4979601, upload-time = "2026-05-01T23:29:56.961Z" },
    { url = "https://files.pythonhosted.org/packages/86/e4/2f8a47ee97f90cd2b933d0463081d35631ff419de2b8c984a5f369857de0/psycopg_binary-3.3.4-cp313-cp313-musllinux_1_2_aarch64.whl", hash = "sha256:136f199a407b5348b9b857c504aff60c77622a28482e7195839ce1b51238c4cc", size = 4510513, upload-time = "2026-05-01T23:30:07.243Z" },
    { url = "https://files.pythonhosted.org/packages/0e/0e/94e842ff4a7f98ed162580ca2e8b8864b28c1e0350f2443f8ee47f821167/psycopg_binary-3.3.4-cp313-cp313-musllinux_1_2_ppc64le.whl", hash = "sha256:b6f5a29e9c775b9f12a1a717aa7a2c80f9e1db6f27ba44a5b59c80ac61d2ffcf", size = 4187243, upload-time = "2026-05-01T23:30:15.352Z" },
    { url = "https://files.pythonhosted.org/packages/d0/83/fc6c174b672e29b7de996ea77b6cbddf46c891751c3355f6974292baa6b4/psycopg_binary-3.3.4-cp313-cp313-musllinux_1_2_riscv64.whl", hash = "sha256:ee17a2cf4943cde261adfad1bbc5bf38d6b3776d7afff74c7cabcbeaeb08c260", size = 3927347, upload-time = "2026-05-01T23:30:21.186Z" },
    { url = "https://files.pythonhosted.org/packages/e9/65/768364d4a97a15b1a7f47ba52688c1686f22941d8332a8398cefc468e25f/psycopg_binary-3.3.4-cp313-cp313-musllinux_1_2_x86_64.whl", hash = "sha256:5c4ab71be17bdca30cb34c34c4e1496e2f5d6f20c199c12bad226070b22ef9bf", size = 4236393, upload-time = "2026-05-01T23:30:26.211Z" },
    { url = "https://files.pythonhosted.org/packages/bd/3b/218efbc9e645becd80cdf651acda05f85cfe546b7a9c0458c7cbc8fe1f74/psycopg_binary-3.3.4-cp313-cp313-win_amd64.whl", hash = "sha256:dbfdb9b6cc79f31104a7b162a2b921b765fcc62af6c00540a167a8de47e4ed38", size = 3564592, upload-time = "2026-05-01T23:30:31.764Z" },
    { url = "https://files.pythonhosted.org/packages/48/a6/828c9185701dab71b234c2a76c38a08b098ebfec5020716b4e93807492b5/psycopg_binary-3.3.4-cp314-cp314-macosx_10_15_x86_64.whl", hash = "sha256:28b7398fdd19db3232c884fb24550bdfe951221f510e195e233299e4c9b78f97", size = 4607292, upload-time = "2026-05-01T23:30:38.962Z" },
    { url = "https://files.pythonhosted.org/packages/92/58/5b40dbc9d839045c9dae956960e4fb6d20bcabe6c59a2aa34fc3a371913f/psycopg_binary-3.3.4-cp314-cp314-macosx_11_0_arm64.whl", hash = "sha256:1fbaa292a3c8bb61b45df1ad3da1908ccee7cb889db9425e3557d9e34e2a4829", size = 4687023, upload-time = "2026-05-01T23:30:47.227Z" },
    { url = "https://files.pythonhosted.org/packages/85/a9/793f0ac107a9003b48441d0d1f9f616d96e0f37458dd8dc12528ceff55fb/psycopg_binary-3.3.4-cp314-cp314-manylinux2014_ppc64le.manylinux_2_17_ppc64le.whl", hash = "sha256:94596f9e7633ee3f6440711d43bb70aa31cc0a46a900ab8b4201a366ace5c9e7", size = 5486985, upload-time = "2026-05-01T23:30:55.517Z" },
    { url = "https://files.pythonhosted.org/packages/8f/26/42e8533497e2592334f68ec529cf5f840f7fa4e99575a4bb61aa184dbfbf/psycopg_binary-3.3.4-cp314-cp314-manylinux2014_x86_64.manylinux_2_17_x86_64.whl", hash = "sha256:8c0056529e68dbe9184cd4019a1f3d8f3a4ead2f6fc7a5afcf27d3314edd1277", size = 5168745, upload-time = "2026-05-01T23:31:01.904Z" },
    { url = "https://files.pythonhosted.org/packages/15/af/b7151776cc08d5935d45c833ec818a9beb417cf7c08239af1aafbdae78ee/psycopg_binary-3.3.4-cp314-cp314-manylinux_2_27_aarch64.manylinux_2_28_aarch64.whl", hash = "sha256:2c09aad7051326e7603c14e50636db9c01f78272dc54b3accff03d46370461e6", size = 6761486, upload-time = "2026-05-01T23:31:14.511Z" },
    { url = "https://files.pythonhosted.org/packages/d0/ed/c92533b9124712d592cbf1cd6c76da933a2e0acea81dfe1fbe7e735f0cff/psycopg_binary-3.3.4-cp314-cp314-manylinux_2_38_riscv64.manylinux_2_39_riscv64.whl", hash = "sha256:514404ed543efd620c85602b747df2a23cf1241b4067199e1a66f2d2757aaa41", size = 4997427, upload-time = "2026-05-01T23:31:20.901Z" },
    { url = "https://files.pythonhosted.org/packages/a2/23/ccadfd0de416aa188356daa199453af24087b042e296088706d190ae0295/psycopg_binary-3.3.4-cp314-cp314-musllinux_1_2_aarch64.whl", hash = "sha256:46893c26858be12cc49ca4226ed6a60b4bfccadd946b3bebb783a60b38788228", size = 4533549, upload-time = "2026-05-01T23:31:26.204Z" },
    { url = "https://files.pythonhosted.org/packages/fd/a0/c8f43cee36386f7bc891ab41a9d31ea07cf9826038e732da79f26b1e5f34/psycopg_binary-3.3.4-cp314-cp314-musllinux_1_2_ppc64le.whl", hash = "sha256:df1d567fc430f6df15c9fcf67d87685fc49bdb325adc0db5af1adfb2f44eb5c9", size = 4210256, upload-time = "2026-05-01T23:31:33.884Z" },
    { url = "https://files.pythonhosted.org/packages/4e/2c/c1547871be3790676e8868b38655496422f94f0978dfb66b74bdba2f1676/psycopg_binary-3.3.4-cp314-cp314-musllinux_1_2_riscv64.whl", hash = "sha256:6b9016b1714da4dd5ecaaa75b82098aa5a0b87854ce9b092e21c27c4ae23e014", size = 3946204, upload-time = "2026-05-01T23:31:39.626Z" },
    { url = "https://files.pythonhosted.org/packages/c4/b1/f6670f00fa7ea601584623f6c11602ab92117d83eaff885e0210f6de7418/psycopg_binary-3.3.4-cp314-cp314-musllinux_1_2_x86_64.whl", hash = "sha256:47c656a8a7ba6eb0cff1801a4caaa9c8bdc12d03080e273aff1c8ac39971a77e", size = 4255811, upload-time = "2026-05-01T23:31:44.986Z" },
    { url = "https://files.pythonhosted.org/packages/eb/e6/5fff07a70d1f945ed90ae131c3bd76cab32beff7c58c6db15ad5820b6d1f/psycopg_binary-3.3.4-cp314-cp314-win_amd64.whl", hash = "sha256:c37e024c07308cd06cf3ec51bfd0e7f6157585a4d84d1bce4a7f5f7913719bf8", size = 3666849, upload-time = "2026-05-01T23:31:51.165Z" },
]

[[package]]
name = "ruff"
version = "0.16.0"
source = { registry = "https://pypi.org/simple" }
sdist = { url = "https://files.pythonhosted.org/packages/4d/94/1e5e4967626faf12fa56999cd6222dff6992ceb086ad7945756baf70c7a7/ruff-0.16.0.tar.gz", hash = "sha256:e460aafd5495ec89efaa6ced2e4a9a581116451e1c88b9d37ef497e0f8e93982", size = 4790557, upload-time = "2026-07-23T19:11:30.981Z" }
wheels = [
    { url = "https://files.pythonhosted.org/packages/4b/81/1c8818fee7ce1a04cd7d1b3172e0a8f8e4f1dc4feb7fc390e16daa8af323/ruff-0.16.0-py3-none-linux_armv6l.whl", hash = "sha256:e5115729eb08c585e5121978ba5d5b60caeae394ce21b9fb5e6cd33a1c6c9b1e", size = 10754633, upload-time = "2026-07-23T19:10:46.415Z" },
    { url = "https://files.pythonhosted.org/packages/23/df/beaf59c09d68db84304d555f188b276a77132a5d5b0b67a5c762aa143628/ruff-0.16.0-py3-none-macosx_10_12_x86_64.whl", hash = "sha256:3c954b1d580bfa035b41654f7858cc7e71d5fc3ac5b723dd62bd9133830ed522", size = 10969164, upload-time = "2026-07-23T19:10:50.271Z" },
    { url = "https://files.pythonhosted.org/packages/42/ce/741cd197496a1abbf51352710fd15ed995d2a2be87189c1da26a450d6e83/ruff-0.16.0-py3-none-macosx_11_0_arm64.whl", hash = "sha256:e01c21d10eb1b29f47b7454e1f4056db9a3f0260c646aa88457c610291db9f81", size = 10488846, upload-time = "2026-07-23T19:10:52.639Z" },
    { url = "https://files.pythonhosted.org/packages/52/2a/a2db8e88cade358f5cdcb05674a917751074109315d014eb6352d9a893f7/ruff-0.16.0-py3-none-manylinux_2_17_aarch64.manylinux2014_aarch64.whl", hash = "sha256:6e364e5ed22ed8dc05082fd78e35308618260907ac2d3c1d637b2e682415b6c9", size = 10889729, upload-time = "2026-07-23T19:10:54.89Z" },
    { url = "https://files.pythonhosted.org/packages/42/65/62a771694ebd63029dc953e27dbad40e1588bd4860ff9fe881018fddaa49/ruff-0.16.0-py3-none-manylinux_2_17_armv7l.manylinux2014_armv7l.whl", hash = "sha256:d327b8fc113a1d4421a04f3839d3752057c8dd1ee320223a6f3f52d04ada462a", size = 10568275, upload-time = "2026-07-23T19:10:56.993Z" },
    { url = "https://files.pythonhosted.org/packages/3f/e2/ced249fe8af5f086c5c58cc21cc3356d50f32f7401c5df87050c999620a7/ruff-0.16.0-py3-none-manylinux_2_17_i686.manylinux2014_i686.whl", hash = "sha256:a9b50c55e263103586b3dcf5f73d479eb8cb5fdb6098fec59a62891dab653717", size = 11385112, upload-time = "2026-07-23T19:10:59.615Z" },
    { url = "https://files.pythonhosted.org/packages/87/0b/05154977a8fd69eeb6c103271f55403bfd8711f5c0f8ed07489d95a504e7/ruff-0.16.0-py3-none-manylinux_2_17_ppc64le.manylinux2014_ppc64le.whl", hash = "sha256:0ff4a79ce3ec0172f3241943835de1c4cb4e2dcd07f0f8c2d02603dbbbee4b17", size = 12207008, upload-time = "2026-07-23T19:11:02.154Z" },
    { url = "https://files.pythonhosted.org/packages/fb/29/98225831a3a1eab0e02f4acc6ca6559a98611dcc68b6965ff4b7234627c1/ruff-0.16.0-py3-none-manylinux_2_17_s390x.manylinux2014_s390x.whl", hash = "sha256:e95c448fca1fb2a18372a9440926c5a6ee789639bb975c72e7ae6d0b04218ab4", size = 11650842, upload-time = "2026-07-23T19:11:04.557Z" },
    { url = "https://files.pythonhosted.org/packages/91/66/6bd3cf90500653d55dc0ffc8507aa8300bd49d0214b2e8cb4d3fef2943ba/ruff-0.16.0-py3-none-manylinux_2_17_x86_64.manylinux2014_x86_64.whl", hash = "sha256:4f11a8d11010301d0a398a2fdef67691feca7294da6aef55e2150e8fa2cd520b", size = 11400718, upload-time = "2026-07-23T19:11:09.233Z" },
    { url = "https://files.pythonhosted.org/packages/8e/a2/a54eb4eae05d66364050a5d3b8a9c5ef88196531b3cbe7109d873f87f819/ruff-0.16.0-py3-none-manylinux_2_31_riscv64.whl", hash = "sha256:48044c678e9cb8698246c99b14aaccfa6601dea7379eb48a6f8f73f7a6d86cd0", size = 11426177, upload-time = "2026-07-23T19:11:11.994Z" },
    { url = "https://files.pythonhosted.org/packages/1a/be/16e3eea4b2a478a496919f5e36f17c4559e54620bd3bbac5d6affa068006/ruff-0.16.0-py3-none-musllinux_1_2_aarch64.whl", hash = "sha256:7aa0959bad8eb8bef50340154fc9b58678dae31fa4293afa38b44b6e552c0213", size = 10856126, upload-time = "2026-07-23T19:11:14.221Z" },
    { url = "https://files.pythonhosted.org/packages/a2/84/252eb8b868a16eec7257c14f504f77537e734b2d69c762e639e588e304a3/ruff-0.16.0-py3-none-musllinux_1_2_armv7l.whl", hash = "sha256:28ea2b7df8ebf7f9da6b7d47b230ab48f387c0a29be3b474c4d0740e197bb9af", size = 10571208, upload-time = "2026-07-23T19:11:16.378Z" },
    { url = "https://files.pythonhosted.org/packages/21/09/817a482f542f7570cbb4554b26e896610c7114f539b1d9e2d2145bf6bef6/ruff-0.16.0-py3-none-musllinux_1_2_i686.whl", hash = "sha256:33a3dfac8c35f81498dea9181bccc2f4c4bc8f1521a1dd9406e77643e0f0fb09", size = 11063329, upload-time = "2026-07-23T19:11:19.173Z" },
    { url = "https://files.pythonhosted.org/packages/2e/23/9403c180ca1cb9b1f7335f5c3e5305c09d49ea5b345196682a36028bde4a/ruff-0.16.0-py3-none-musllinux_1_2_x86_64.whl", hash = "sha256:a5237a0bda500d30d81b8e07a6973a5cbc772864cbf746ae2f4e8a2e01c9f4ed", size = 11489751, upload-time = "2026-07-23T19:11:21.74Z" },
    { url = "https://files.pythonhosted.org/packages/b2/1d/1b2ef7bcde851c78d7f17f1cca13fd6dc695fc4b3d6197941e72cae5b132/ruff-0.16.0-py3-none-win32.whl", hash = "sha256:7fab76fa065c873f41ff744347c6e77bcc3dfec4bcc754dc26b63d23c0f7f5fb", size = 10785885, upload-time = "2026-07-23T19:11:23.947Z" },
    { url = "https://files.pythonhosted.org/packages/b2/a3/d5e4ef7a56be3f928ffb90b94c25ba7d3cb9c7fe0736aeaaedf361770712/ruff-0.16.0-py3-none-win_amd64.whl", hash = "sha256:429c117f022bf481fabd9d551e7a3952b24c65e6ef44337ea09d90bebef14472", size = 11923141, upload-time = "2026-07-23T19:11:26.409Z" },
    { url = "https://files.pythonhosted.org/packages/cb/9a/8415f2657cbe200f41a4531ccededf135505a92d4a012229121f885b26f9/ruff-0.16.0-py3-none-win_arm64.whl", hash = "sha256:14296fedcd2705c77ab8235439278bbb38f285cf7da5528b00b3e330c3d4872d", size = 11273407, upload-time = "2026-07-23T19:11:28.705Z" },
]

[[package]]
name = "sebastian"
version = "0.1.0"
source = { virtual = "." }
dependencies = [
    { name = "django" },
    { name = "django-debug-toolbar" },
    { name = "django-smoketest" },
    { name = "factory-boy" },
    { name = "gunicorn" },
    { name = "psycopg" },
    { name = "psycopg-binary" },
    { name = "sentry-sdk" },
    { name = "whitenoise" },
]

[package.dev-dependencies]
dev = [
    { name = "django-stubs", extra = ["compatible-mypy"] },
    { name = "hypothesis" },
    { name = "mypy" },
    { name = "mypy-extensions" },
    { name = "ruff" },
    { name = "typing-extensions" },
]

[package.metadata]
requires-dist = [
    { name = "django", specifier = "==6.0.7" },
    { name = "django-debug-toolbar", specifier = "==7.0.0" },
    { name = "django-smoketest", specifier = "==1.2.1" },
    { name = "factory-boy", specifier = "==3.3.3" },
    { name = "gunicorn", specifier = "==26.0.0" },
    { name = "psycopg", specifier = ">=3.3.4" },
    { name = "psycopg-binary", specifier = ">=3.3.4" },
    { name = "sentry-sdk", specifier = "==2.66.1" },
    { name = "whitenoise", specifier = "==6.12.0" },
]

[package.metadata.requires-dev]
dev = [
    { name = "django-stubs", extras = ["compatible-mypy"], specifier = "==5.0.4" },
    { name = "hypothesis", specifier = "==6.163.0" },
    { name = "mypy", specifier = "==1.11.1" },
    { name = "mypy-extensions", specifier = "==1.1.0" },
    { name = "ruff", specifier = "==0.16.0" },
    { name = "typing-extensions", specifier = "==4.16.0" },
]

[[package]]
name = "sentry-sdk"
version = "2.66.1"
source = { registry = "https://pypi.org/simple" }
dependencies = [
    { name = "certifi" },
    { name = "urllib3" },
]
sdist = { url = "https://files.pythonhosted.org/packages/7f/6f/d59cad0889d15fde85254cf58e701484de3f3f0406003b3197746910b19b/sentry_sdk-2.66.1.tar.gz", hash = "sha256:f882fb08710c5f8bfc603aafa3e901b384009a19cc3f76a572b863392ee81cdc", size = 940543, upload-time = "2026-07-22T12:26:54.553Z" }
wheels = [
    { url = "https://files.pythonhosted.org/packages/89/d3/726bd88f0eece09ddf431bea4c9191c18e7a8d070b854eb0014d447712ee/sentry_sdk-2.66.1-py3-none-any.whl", hash = "sha256:86002793161d9a95ef04bdd8d442e9bfece5d989b755f05d6360215094a7aff6", size = 505555, upload-time = "2026-07-22T12:26:52.71Z" },
]

[[package]]
name = "sortedcontainers"
version = "2.4.0"
source = { registry = "https://pypi.org/simple" }
sdist = { url = "https://files.pythonhosted.org/packages/e8/c4/ba2f8066cceb6f23394729afe52f3bf7adec04bf9ed2c820b39e19299111/sortedcontainers-2.4.0.tar.gz", hash = "sha256:25caa5a06cc30b6b83d11423433f65d1f9d76c4c6a0c90e3379eaa43b9bfdb88", size = 30594, upload-time = "2021-05-16T22:03:42.897Z" }
wheels = [
    { url = "https://files.pythonhosted.org/packages/32/46/9cb0e58b2deb7f82b84065f37f3bffeb12413f947f9388e4cac22c4621ce/sortedcontainers-2.4.0-py2.py3-none-any.whl", hash = "sha256:a163dcaede0f1c021485e957a39245190e74249897e2ae4b2aa38595db237ee0", size = 29575, upload-time = "2021-05-16T22:03:41.177Z" },
]

[[package]]
name = "sqlparse"
version = "0.5.4"
source = { registry = "https://pypi.org/simple" }
sdist = { url = "https://files.pythonhosted.org/packages/18/67/701f86b28d63b2086de47c942eccf8ca2208b3be69715a1119a4e384415a/sqlparse-0.5.4.tar.gz", hash = "sha256:4396a7d3cf1cd679c1be976cf3dc6e0a51d0111e87787e7a8d780e7d5a998f9e", size = 120112, upload-time = "2025-11-28T07:10:18.377Z" }
wheels = [
    { url = "https://files.pythonhosted.org/packages/25/70/001ee337f7aa888fb2e3f5fd7592a6afc5283adb1ed44ce8df5764070f22/sqlparse-0.5.4-py3-none-any.whl", hash = "sha256:99a9f0314977b76d776a0fcb8554de91b9bb8a18560631d6bc48721d07023dcb", size = 45933, upload-time = "2025-11-28T07:10:19.73Z" },
]

[[package]]
name = "types-pyyaml"
version = "6.0.12.20250516"
source = { registry = "https://pypi.org/simple" }
sdist = { url = "https://files.pythonhosted.org/packages/4e/22/59e2aeb48ceeee1f7cd4537db9568df80d62bdb44a7f9e743502ea8aab9c/types_pyyaml-6.0.12.20250516.tar.gz", hash = "sha256:9f21a70216fc0fa1b216a8176db5f9e0af6eb35d2f2932acb87689d03a5bf6ba", size = 17378, upload-time = "2025-05-16T03:08:04.897Z" }
wheels = [
    { url = "https://files.pythonhosted.org/packages/99/5f/e0af6f7f6a260d9af67e1db4f54d732abad514252a7a378a6c4d17dd1036/types_pyyaml-6.0.12.20250516-py3-none-any.whl", hash = "sha256:8478208feaeb53a34cb5d970c56a7cd76b72659442e733e268a94dc72b2d0530", size = 20312, upload-time = "2025-05-16T03:08:04.019Z" },
]

[[package]]
name = "typing-extensions"
version = "4.16.0"
source = { registry = "https://pypi.org/simple" }
sdist = { url = "https://files.pythonhosted.org/packages/f6/cc/6253133b5bb138fc3306cebfbda2c520f545d36b5be2c7255cc528bb45d6/typing_extensions-4.16.0.tar.gz", hash = "sha256:dc983d19a509c94dba722ee6abd33940f7c05a89e243c47e907eb4db6f1a43e5", size = 113555, upload-time = "2026-07-02T08:40:05.92Z" }
wheels = [
    { url = "https://files.pythonhosted.org/packages/49/d3/b8441a820a491ddfc024b0b0cf0393375b75ea13866d9c66727e54c2fc80/typing_extensions-4.16.0-py3-none-any.whl", hash = "sha256:481caa481374e813c1b176ada14e97f1f67a4539ce9cfeb3f350d78d6370c2e8", size = 45571, upload-time = "2026-07-02T08:40:04.659Z" },
]

[[package]]
name = "tzdata"
version = "2025.2"
source = { registry = "https://pypi.org/simple" }
sdist = { url = "https://files.pythonhosted.org/packages/95/32/1a225d6164441be760d75c2c42e2780dc0873fe382da3e98a2e1e48361e5/tzdata-2025.2.tar.gz", hash = "sha256:b60a638fcc0daffadf82fe0f57e53d06bdec2f36c4df66280ae79bce6bd6f2b9", size = 196380, upload-time = "2025-03-23T13:54:43.652Z" }
wheels = [
    { url = "https://files.pythonhosted.org/packages/5c/23/c7abc0ca0a1526a0774eca151daeb8de62ec457e77262b66b359c3c7679e/tzdata-2025.2-py2.py3-none-any.whl", hash = "sha256:1a403fada01ff9221ca8044d701868fa132215d84beb92242d9acd2147f667a8", size = 347839, upload-time = "2025-03-23T13:54:41.845Z" },
]

[[package]]
name = "urllib3"
version = "2.7.0"
source = { registry = "https://pypi.org/simple" }
sdist = { url = "https://files.pythonhosted.org/packages/53/0c/06f8b233b8fd13b9e5ee11424ef85419ba0d8ba0b3138bf360be2ff56953/urllib3-2.7.0.tar.gz", hash = "sha256:231e0ec3b63ceb14667c67be60f2f2c40a518cb38b03af60abc813da26505f4c", size = 433602, upload-time = "2026-05-07T16:13:18.596Z" }
wheels = [
    { url = "https://files.pythonhosted.org/packages/7f/3e/5db95bcf282c52709639744ca2a8b149baccf648e39c8cc87553df9eae0c/urllib3-2.7.0-py3-none-any.whl", hash = "sha256:9fb4c81ebbb1ce9531cce37674bbc6f1360472bc18ca9a553ede278ef7276897", size = 131087, upload-time = "2026-05-07T16:13:17.151Z" },
]

[[package]]
name = "whitenoise"
version = "6.12.0"
source = { registry = "https://pypi.org/simple" }
sdist = { url = "https://files.pythonhosted.org/packages/cb/2a/55b3f3a4ec326cd077c1c3defeee656b9298372a69229134d930151acd01/whitenoise-6.12.0.tar.gz", hash = "sha256:f723ebb76a112e98816ff80fcea0a6c9b8ecde835f8ddda25df7a30a3c2db6ad", size = 26841, upload-time = "2026-02-27T00:05:42.028Z" }
wheels = [
    { url = "https://files.pythonhosted.org/packages/db/eb/d5583a11486211f3ebd4b385545ae787f32363d453c19fffd81106c9c138/whitenoise-6.12.0-py3-none-any.whl", hash = "sha256:fc5e8c572e33ebf24795b47b6a7da8da3c00cff2349f5b04c02f28d0cc5a3cc2", size = 20302, upload-time = "2026-02-27T00:05:40.086Z" },
]
